// !$*UTF8*$!
{
	archiveVersion = 1;
	classes = {
	};
	objectVersion = 50;
	objects = {

/* Begin PBXBuildFile section */
		AD20224522D71FAD00A69799 /* RequestConvertible.swift in Sources */ = {isa = PBXBuildFile; fileRef = AD20224422D71FAD00A69799 /* RequestConvertible.swift */; };
		AD428B3922D7498400444C33 /* ServiceController.swift in Sources */ = {isa = PBXBuildFile; fileRef = AD428B3822D7498400444C33 /* ServiceController.swift */; };
		AD428B3C22D74E5300444C33 /* HTTPError.swift in Sources */ = {isa = PBXBuildFile; fileRef = AD428B3B22D74E5300444C33 /* HTTPError.swift */; };
		AD428B3F22D84AB300444C33 /* URLComponent.swift in Sources */ = {isa = PBXBuildFile; fileRef = AD428B3E22D84AB300444C33 /* URLComponent.swift */; };
		AD428B4222D8510500444C33 /* HTTPScheme.swift in Sources */ = {isa = PBXBuildFile; fileRef = AD428B4122D8510500444C33 /* HTTPScheme.swift */; };
		AD428B4422D86AE300444C33 /* ResponseDecodable.swift in Sources */ = {isa = PBXBuildFile; fileRef = AD428B4322D86AE300444C33 /* ResponseDecodable.swift */; };
		AD428B4822D86F7700444C33 /* AnyDecoder.swift in Sources */ = {isa = PBXBuildFile; fileRef = AD428B4722D86F7700444C33 /* AnyDecoder.swift */; };
		AD428B4A22D8943300444C33 /* RequestEncodable.swift in Sources */ = {isa = PBXBuildFile; fileRef = AD428B4922D8943300444C33 /* RequestEncodable.swift */; };
		AD428B4C22D8948B00444C33 /* AnyEncoder.swift in Sources */ = {isa = PBXBuildFile; fileRef = AD428B4B22D8948B00444C33 /* AnyEncoder.swift */; };
		AD428B4E22D8959500444C33 /* HTTPMethod.swift in Sources */ = {isa = PBXBuildFile; fileRef = AD428B4D22D8959500444C33 /* HTTPMethod.swift */; };
		AD428B5022DC5C7500444C33 /* HTTPHeader.swift in Sources */ = {isa = PBXBuildFile; fileRef = AD428B4F22DC5C7500444C33 /* HTTPHeader.swift */; };
		AD428B5522DDC05D00444C33 /* URLConvertible.swift in Sources */ = {isa = PBXBuildFile; fileRef = AD428B5422DDC05D00444C33 /* URLConvertible.swift */; };
		AD4F4D1922CB8B4F00EBE63B /* ServiceManager.h in Headers */ = {isa = PBXBuildFile; fileRef = AD4F4D1722CB8B4F00EBE63B /* ServiceManager.h */; settings = {ATTRIBUTES = (Public, ); }; };
		AD4F4D2022CB8CF300EBE63B /* Service.swift in Sources */ = {isa = PBXBuildFile; fileRef = AD4F4D1F22CB8CF300EBE63B /* Service.swift */; };
		AD4F4D2B22CC5D3000EBE63B /* Assets.xcassets in Resources */ = {isa = PBXBuildFile; fileRef = AD4F4D2A22CC5D3000EBE63B /* Assets.xcassets */; };
		AD4F4D3622CC5DC100EBE63B /* AppDelegate.swift in Sources */ = {isa = PBXBuildFile; fileRef = AD4F4D3422CC5DC100EBE63B /* AppDelegate.swift */; };
		AD4F4D3722CC5DC100EBE63B /* main.swift in Sources */ = {isa = PBXBuildFile; fileRef = AD4F4D3522CC5DC100EBE63B /* main.swift */; };
		EF2AB43622EC7D1400FCC58C /* HTTPEncoding.swift in Sources */ = {isa = PBXBuildFile; fileRef = EF2AB43522EC7D1400FCC58C /* HTTPEncoding.swift */; };
		EF2AB43822EC7D5100FCC58C /* URLEncoding.swift in Sources */ = {isa = PBXBuildFile; fileRef = EF2AB43722EC7D5100FCC58C /* URLEncoding.swift */; };
		EF2AB43A22EC903F00FCC58C /* FormDataEncoding.swift in Sources */ = {isa = PBXBuildFile; fileRef = EF2AB43922EC903F00FCC58C /* FormDataEncoding.swift */; };
		EF5D0C2E22FB2CBD0003B757 /* RequestComponent.swift in Sources */ = {isa = PBXBuildFile; fileRef = EF5D0C2D22FB2CBD0003B757 /* RequestComponent.swift */; };
		EF5D0C3022FB30DD0003B757 /* Route.swift in Sources */ = {isa = PBXBuildFile; fileRef = EF5D0C2F22FB30DD0003B757 /* Route.swift */; };
		EF5D0C3422FC8E8F0003B757 /* EncodableExtensions.swift in Sources */ = {isa = PBXBuildFile; fileRef = EF5D0C3322FC8E8F0003B757 /* EncodableExtensions.swift */; };
		EF707BF82300746900EB3D8A /* MethodPopupButton.swift in Sources */ = {isa = PBXBuildFile; fileRef = EF707BF72300746900EB3D8A /* MethodPopupButton.swift */; };
		EF707BFB2300C9D500EB3D8A /* ServiceView.swift in Sources */ = {isa = PBXBuildFile; fileRef = EF707BFA2300C9D500EB3D8A /* ServiceView.swift */; };
		EF707C10230137CA00EB3D8A /* MultiplierConvertible.swift in Sources */ = {isa = PBXBuildFile; fileRef = EF707C00230137CA00EB3D8A /* MultiplierConvertible.swift */; };
		EF707C11230137CA00EB3D8A /* EdgeInsetConvertible.swift in Sources */ = {isa = PBXBuildFile; fileRef = EF707C01230137CA00EB3D8A /* EdgeInsetConvertible.swift */; };
		EF707C12230137CA00EB3D8A /* Initializable.swift in Sources */ = {isa = PBXBuildFile; fileRef = EF707C02230137CA00EB3D8A /* Initializable.swift */; };
		EF707C13230137CA00EB3D8A /* OffsetConvertible.swift in Sources */ = {isa = PBXBuildFile; fileRef = EF707C03230137CA00EB3D8A /* OffsetConvertible.swift */; };
		EF707C14230137CA00EB3D8A /* SizeConvertible.swift in Sources */ = {isa = PBXBuildFile; fileRef = EF707C04230137CA00EB3D8A /* SizeConvertible.swift */; };
		EF707C15230137CA00EB3D8A /* AutoLayoutable.swift in Sources */ = {isa = PBXBuildFile; fileRef = EF707C05230137CA00EB3D8A /* AutoLayoutable.swift */; };
		EF707C16230137CA00EB3D8A /* AutoLayoutOperators.swift in Sources */ = {isa = PBXBuildFile; fileRef = EF707C07230137CA00EB3D8A /* AutoLayoutOperators.swift */; };
		EF707C17230137CA00EB3D8A /* AutoLayoutableAnchorHelper.swift in Sources */ = {isa = PBXBuildFile; fileRef = EF707C08230137CA00EB3D8A /* AutoLayoutableAnchorHelper.swift */; };
		EF707C18230137CA00EB3D8A /* NSOffset.swift in Sources */ = {isa = PBXBuildFile; fileRef = EF707C09230137CA00EB3D8A /* NSOffset.swift */; };
		EF707C19230137CA00EB3D8A /* SupportExtensions.swift in Sources */ = {isa = PBXBuildFile; fileRef = EF707C0A230137CA00EB3D8A /* SupportExtensions.swift */; };
		EF707C1A230137CA00EB3D8A /* CGMultiplier.swift in Sources */ = {isa = PBXBuildFile; fileRef = EF707C0B230137CA00EB3D8A /* CGMultiplier.swift */; };
		EF707C1B230137CA00EB3D8A /* Info.plist in Resources */ = {isa = PBXBuildFile; fileRef = EF707C0C230137CA00EB3D8A /* Info.plist */; };
		EF707C1C230137CA00EB3D8A /* NSLayoutConstraintAttributeExtensions.swift in Sources */ = {isa = PBXBuildFile; fileRef = EF707C0E230137CA00EB3D8A /* NSLayoutConstraintAttributeExtensions.swift */; };
		EF707C1D230137CA00EB3D8A /* AutoLayoutableExtensions.swift in Sources */ = {isa = PBXBuildFile; fileRef = EF707C0F230137CA00EB3D8A /* AutoLayoutableExtensions.swift */; };
/* End PBXBuildFile section */

/* Begin PBXFileReference section */
		AD20224422D71FAD00A69799 /* RequestConvertible.swift */ = {isa = PBXFileReference; lastKnownFileType = sourcecode.swift; path = RequestConvertible.swift; sourceTree = "<group>"; };
		AD428B3822D7498400444C33 /* ServiceController.swift */ = {isa = PBXFileReference; lastKnownFileType = sourcecode.swift; path = ServiceController.swift; sourceTree = "<group>"; };
		AD428B3B22D74E5300444C33 /* HTTPError.swift */ = {isa = PBXFileReference; lastKnownFileType = sourcecode.swift; path = HTTPError.swift; sourceTree = "<group>"; };
		AD428B3E22D84AB300444C33 /* URLComponent.swift */ = {isa = PBXFileReference; lastKnownFileType = sourcecode.swift; path = URLComponent.swift; sourceTree = "<group>"; };
		AD428B4122D8510500444C33 /* HTTPScheme.swift */ = {isa = PBXFileReference; lastKnownFileType = sourcecode.swift; path = HTTPScheme.swift; sourceTree = "<group>"; };
		AD428B4322D86AE300444C33 /* ResponseDecodable.swift */ = {isa = PBXFileReference; lastKnownFileType = sourcecode.swift; path = ResponseDecodable.swift; sourceTree = "<group>"; };
		AD428B4722D86F7700444C33 /* AnyDecoder.swift */ = {isa = PBXFileReference; lastKnownFileType = sourcecode.swift; path = AnyDecoder.swift; sourceTree = "<group>"; };
		AD428B4922D8943300444C33 /* RequestEncodable.swift */ = {isa = PBXFileReference; lastKnownFileType = sourcecode.swift; path = RequestEncodable.swift; sourceTree = "<group>"; };
		AD428B4B22D8948B00444C33 /* AnyEncoder.swift */ = {isa = PBXFileReference; lastKnownFileType = sourcecode.swift; path = AnyEncoder.swift; sourceTree = "<group>"; };
		AD428B4D22D8959500444C33 /* HTTPMethod.swift */ = {isa = PBXFileReference; lastKnownFileType = sourcecode.swift; path = HTTPMethod.swift; sourceTree = "<group>"; };
		AD428B4F22DC5C7500444C33 /* HTTPHeader.swift */ = {isa = PBXFileReference; lastKnownFileType = sourcecode.swift; path = HTTPHeader.swift; sourceTree = "<group>"; };
		AD428B5422DDC05D00444C33 /* URLConvertible.swift */ = {isa = PBXFileReference; fileEncoding = 4; lastKnownFileType = sourcecode.swift; path = URLConvertible.swift; sourceTree = "<group>"; };
		AD4F4D1422CB8B4F00EBE63B /* ServiceManager.framework */ = {isa = PBXFileReference; explicitFileType = wrapper.framework; includeInIndex = 0; path = ServiceManager.framework; sourceTree = BUILT_PRODUCTS_DIR; };
		AD4F4D1722CB8B4F00EBE63B /* ServiceManager.h */ = {isa = PBXFileReference; lastKnownFileType = sourcecode.c.h; path = ServiceManager.h; sourceTree = "<group>"; };
		AD4F4D1822CB8B4F00EBE63B /* Info.plist */ = {isa = PBXFileReference; lastKnownFileType = text.plist.xml; path = Info.plist; sourceTree = "<group>"; };
		AD4F4D1F22CB8CF300EBE63B /* Service.swift */ = {isa = PBXFileReference; lastKnownFileType = sourcecode.swift; path = Service.swift; sourceTree = "<group>"; };
		AD4F4D2622CC5D2E00EBE63B /* ServiceManagerMacOS.app */ = {isa = PBXFileReference; explicitFileType = wrapper.application; includeInIndex = 0; path = ServiceManagerMacOS.app; sourceTree = BUILT_PRODUCTS_DIR; };
		AD4F4D2A22CC5D3000EBE63B /* Assets.xcassets */ = {isa = PBXFileReference; lastKnownFileType = folder.assetcatalog; path = Assets.xcassets; sourceTree = "<group>"; };
		AD4F4D2F22CC5D3000EBE63B /* Info.plist */ = {isa = PBXFileReference; lastKnownFileType = text.plist.xml; path = Info.plist; sourceTree = "<group>"; };
		AD4F4D3022CC5D3000EBE63B /* ServiceManagerMacOS.entitlements */ = {isa = PBXFileReference; lastKnownFileType = text.plist.entitlements; path = ServiceManagerMacOS.entitlements; sourceTree = "<group>"; };
		AD4F4D3422CC5DC100EBE63B /* AppDelegate.swift */ = {isa = PBXFileReference; fileEncoding = 4; lastKnownFileType = sourcecode.swift; path = AppDelegate.swift; sourceTree = "<group>"; };
		AD4F4D3522CC5DC100EBE63B /* main.swift */ = {isa = PBXFileReference; fileEncoding = 4; lastKnownFileType = sourcecode.swift; path = main.swift; sourceTree = "<group>"; };
		EF2AB43522EC7D1400FCC58C /* HTTPEncoding.swift */ = {isa = PBXFileReference; lastKnownFileType = sourcecode.swift; path = HTTPEncoding.swift; sourceTree = "<group>"; };
		EF2AB43722EC7D5100FCC58C /* URLEncoding.swift */ = {isa = PBXFileReference; lastKnownFileType = sourcecode.swift; path = URLEncoding.swift; sourceTree = "<group>"; };
		EF2AB43922EC903F00FCC58C /* FormDataEncoding.swift */ = {isa = PBXFileReference; lastKnownFileType = sourcecode.swift; path = FormDataEncoding.swift; sourceTree = "<group>"; };
		EF5D0C2D22FB2CBD0003B757 /* RequestComponent.swift */ = {isa = PBXFileReference; lastKnownFileType = sourcecode.swift; path = RequestComponent.swift; sourceTree = "<group>"; };
		EF5D0C2F22FB30DD0003B757 /* Route.swift */ = {isa = PBXFileReference; lastKnownFileType = sourcecode.swift; path = Route.swift; sourceTree = "<group>"; };
		EF5D0C3322FC8E8F0003B757 /* EncodableExtensions.swift */ = {isa = PBXFileReference; lastKnownFileType = sourcecode.swift; path = EncodableExtensions.swift; sourceTree = "<group>"; };
		EF707BF72300746900EB3D8A /* MethodPopupButton.swift */ = {isa = PBXFileReference; lastKnownFileType = sourcecode.swift; path = MethodPopupButton.swift; sourceTree = "<group>"; };
		EF707BFA2300C9D500EB3D8A /* ServiceView.swift */ = {isa = PBXFileReference; lastKnownFileType = sourcecode.swift; path = ServiceView.swift; sourceTree = "<group>"; };
		EF707BFE230137CA00EB3D8A /* AutoLayoutProxy.h */ = {isa = PBXFileReference; fileEncoding = 4; lastKnownFileType = sourcecode.c.h; path = AutoLayoutProxy.h; sourceTree = "<group>"; };
		EF707C00230137CA00EB3D8A /* MultiplierConvertible.swift */ = {isa = PBXFileReference; fileEncoding = 4; lastKnownFileType = sourcecode.swift; path = MultiplierConvertible.swift; sourceTree = "<group>"; };
		EF707C01230137CA00EB3D8A /* EdgeInsetConvertible.swift */ = {isa = PBXFileReference; fileEncoding = 4; lastKnownFileType = sourcecode.swift; path = EdgeInsetConvertible.swift; sourceTree = "<group>"; };
		EF707C02230137CA00EB3D8A /* Initializable.swift */ = {isa = PBXFileReference; fileEncoding = 4; lastKnownFileType = sourcecode.swift; path = Initializable.swift; sourceTree = "<group>"; };
		EF707C03230137CA00EB3D8A /* OffsetConvertible.swift */ = {isa = PBXFileReference; fileEncoding = 4; lastKnownFileType = sourcecode.swift; path = OffsetConvertible.swift; sourceTree = "<group>"; };
		EF707C04230137CA00EB3D8A /* SizeConvertible.swift */ = {isa = PBXFileReference; fileEncoding = 4; lastKnownFileType = sourcecode.swift; path = SizeConvertible.swift; sourceTree = "<group>"; };
		EF707C05230137CA00EB3D8A /* AutoLayoutable.swift */ = {isa = PBXFileReference; fileEncoding = 4; lastKnownFileType = sourcecode.swift; path = AutoLayoutable.swift; sourceTree = "<group>"; };
		EF707C07230137CA00EB3D8A /* AutoLayoutOperators.swift */ = {isa = PBXFileReference; fileEncoding = 4; lastKnownFileType = sourcecode.swift; path = AutoLayoutOperators.swift; sourceTree = "<group>"; };
		EF707C08230137CA00EB3D8A /* AutoLayoutableAnchorHelper.swift */ = {isa = PBXFileReference; fileEncoding = 4; lastKnownFileType = sourcecode.swift; path = AutoLayoutableAnchorHelper.swift; sourceTree = "<group>"; };
		EF707C09230137CA00EB3D8A /* NSOffset.swift */ = {isa = PBXFileReference; fileEncoding = 4; lastKnownFileType = sourcecode.swift; path = NSOffset.swift; sourceTree = "<group>"; };
		EF707C0A230137CA00EB3D8A /* SupportExtensions.swift */ = {isa = PBXFileReference; fileEncoding = 4; lastKnownFileType = sourcecode.swift; path = SupportExtensions.swift; sourceTree = "<group>"; };
		EF707C0B230137CA00EB3D8A /* CGMultiplier.swift */ = {isa = PBXFileReference; fileEncoding = 4; lastKnownFileType = sourcecode.swift; path = CGMultiplier.swift; sourceTree = "<group>"; };
		EF707C0C230137CA00EB3D8A /* Info.plist */ = {isa = PBXFileReference; fileEncoding = 4; lastKnownFileType = text.plist.xml; path = Info.plist; sourceTree = "<group>"; };
		EF707C0E230137CA00EB3D8A /* NSLayoutConstraintAttributeExtensions.swift */ = {isa = PBXFileReference; fileEncoding = 4; lastKnownFileType = sourcecode.swift; path = NSLayoutConstraintAttributeExtensions.swift; sourceTree = "<group>"; };
		EF707C0F230137CA00EB3D8A /* AutoLayoutableExtensions.swift */ = {isa = PBXFileReference; fileEncoding = 4; lastKnownFileType = sourcecode.swift; path = AutoLayoutableExtensions.swift; sourceTree = "<group>"; };
/* End PBXFileReference section */

/* Begin PBXFrameworksBuildPhase section */
		AD4F4D1122CB8B4F00EBE63B /* Frameworks */ = {
			isa = PBXFrameworksBuildPhase;
			buildActionMask = 2147483647;
			files = (
			);
			runOnlyForDeploymentPostprocessing = 0;
		};
		AD4F4D2322CC5D2E00EBE63B /* Frameworks */ = {
			isa = PBXFrameworksBuildPhase;
			buildActionMask = 2147483647;
			files = (
			);
			runOnlyForDeploymentPostprocessing = 0;
		};
/* End PBXFrameworksBuildPhase section */

/* Begin PBXGroup section */
		AD20224122D71F5B00A69799 /* Protocols */ = {
			isa = PBXGroup;
			children = (
				AD428B5422DDC05D00444C33 /* URLConvertible.swift */,
				AD20224422D71FAD00A69799 /* RequestConvertible.swift */,
			);
			path = Protocols;
			sourceTree = "<group>";
		};
		AD428B3D22D84AA800444C33 /* Route */ = {
			isa = PBXGroup;
			children = (
				EF5D0C2F22FB30DD0003B757 /* Route.swift */,
				AD428B3E22D84AB300444C33 /* URLComponent.swift */,
				EF5D0C2D22FB2CBD0003B757 /* RequestComponent.swift */,
			);
			path = Route;
			sourceTree = "<group>";
		};
		AD428B4022D850F000444C33 /* HTTP */ = {
			isa = PBXGroup;
			children = (
				AD428B3B22D74E5300444C33 /* HTTPError.swift */,
				AD428B4122D8510500444C33 /* HTTPScheme.swift */,
				AD428B4D22D8959500444C33 /* HTTPMethod.swift */,
				AD428B4F22DC5C7500444C33 /* HTTPHeader.swift */,
			);
			path = HTTP;
			sourceTree = "<group>";
		};
		AD428B4522D86F3B00444C33 /* Decoding */ = {
			isa = PBXGroup;
			children = (
				AD428B4322D86AE300444C33 /* ResponseDecodable.swift */,
				AD428B4722D86F7700444C33 /* AnyDecoder.swift */,
			);
			path = Decoding;
			sourceTree = "<group>";
		};
		AD428B4622D86F4500444C33 /* Encoding */ = {
			isa = PBXGroup;
			children = (
				AD428B4922D8943300444C33 /* RequestEncodable.swift */,
				AD428B4B22D8948B00444C33 /* AnyEncoder.swift */,
				EF2AB43522EC7D1400FCC58C /* HTTPEncoding.swift */,
				EF2AB43722EC7D5100FCC58C /* URLEncoding.swift */,
				EF2AB43922EC903F00FCC58C /* FormDataEncoding.swift */,
				EF5D0C3322FC8E8F0003B757 /* EncodableExtensions.swift */,
			);
			path = Encoding;
			sourceTree = "<group>";
		};
		AD4F4D0A22CB8B4F00EBE63B = {
			isa = PBXGroup;
			children = (
				AD4F4D1622CB8B4F00EBE63B /* ServiceManager */,
				AD4F4D2722CC5D2E00EBE63B /* ServiceManagerMacOS */,
				AD4F4D1522CB8B4F00EBE63B /* Products */,
			);
			sourceTree = "<group>";
		};
		AD4F4D1522CB8B4F00EBE63B /* Products */ = {
			isa = PBXGroup;
			children = (
				AD4F4D1422CB8B4F00EBE63B /* ServiceManager.framework */,
				AD4F4D2622CC5D2E00EBE63B /* ServiceManagerMacOS.app */,
			);
			name = Products;
			sourceTree = "<group>";
		};
		AD4F4D1622CB8B4F00EBE63B /* ServiceManager */ = {
			isa = PBXGroup;
			children = (
				AD4F4D2122CB8D8000EBE63B /* Service */,
				AD428B4622D86F4500444C33 /* Encoding */,
				AD428B4522D86F3B00444C33 /* Decoding */,
				AD428B4022D850F000444C33 /* HTTP */,
				AD428B3D22D84AA800444C33 /* Route */,
				AD20224122D71F5B00A69799 /* Protocols */,
			);
			path = ServiceManager;
			sourceTree = "<group>";
		};
		AD4F4D2122CB8D8000EBE63B /* Service */ = {
			isa = PBXGroup;
			children = (
				AD4F4D1F22CB8CF300EBE63B /* Service.swift */,
				AD4F4D1722CB8B4F00EBE63B /* ServiceManager.h */,
				AD4F4D1822CB8B4F00EBE63B /* Info.plist */,
			);
			path = Service;
			sourceTree = "<group>";
		};
		AD4F4D2722CC5D2E00EBE63B /* ServiceManagerMacOS */ = {
			isa = PBXGroup;
			children = (
				EF707BFC230137CA00EB3D8A /* AutoLayoutProxy */,
				EF707BF62300745A00EB3D8A /* Views */,
				EF707BF52300744700EB3D8A /* Controllers */,
				EF707BF42300743700EB3D8A /* Singletons */,
				AD4F4D2A22CC5D3000EBE63B /* Assets.xcassets */,
				AD4F4D2F22CC5D3000EBE63B /* Info.plist */,
				AD4F4D3022CC5D3000EBE63B /* ServiceManagerMacOS.entitlements */,
			);
			path = ServiceManagerMacOS;
			sourceTree = "<group>";
		};
		EF707BF42300743700EB3D8A /* Singletons */ = {
			isa = PBXGroup;
			children = (
				AD4F4D3522CC5DC100EBE63B /* main.swift */,
				AD4F4D3422CC5DC100EBE63B /* AppDelegate.swift */,
			);
			path = Singletons;
			sourceTree = "<group>";
		};
		EF707BF52300744700EB3D8A /* Controllers */ = {
			isa = PBXGroup;
			children = (
				AD428B3822D7498400444C33 /* ServiceController.swift */,
			);
			path = Controllers;
			sourceTree = "<group>";
		};
		EF707BF62300745A00EB3D8A /* Views */ = {
			isa = PBXGroup;
			children = (
				EF707BFA2300C9D500EB3D8A /* ServiceView.swift */,
				EF707BF72300746900EB3D8A /* MethodPopupButton.swift */,
			);
			path = Views;
			sourceTree = "<group>";
		};
		EF707BFC230137CA00EB3D8A /* AutoLayoutProxy */ = {
			isa = PBXGroup;
			children = (
				EF707BFD230137CA00EB3D8A /* Main */,
				EF707C0D230137CA00EB3D8A /* Functional */,
			);
			path = AutoLayoutProxy;
			sourceTree = "<group>";
		};
		EF707BFD230137CA00EB3D8A /* Main */ = {
			isa = PBXGroup;
			children = (
				EF707BFE230137CA00EB3D8A /* AutoLayoutProxy.h */,
				EF707BFF230137CA00EB3D8A /* Protocols */,
				EF707C06230137CA00EB3D8A /* Helpers */,
				EF707C0C230137CA00EB3D8A /* Info.plist */,
			);
			path = Main;
			sourceTree = "<group>";
		};
		EF707BFF230137CA00EB3D8A /* Protocols */ = {
			isa = PBXGroup;
			children = (
				EF707C00230137CA00EB3D8A /* MultiplierConvertible.swift */,
				EF707C01230137CA00EB3D8A /* EdgeInsetConvertible.swift */,
				EF707C02230137CA00EB3D8A /* Initializable.swift */,
				EF707C03230137CA00EB3D8A /* OffsetConvertible.swift */,
				EF707C04230137CA00EB3D8A /* SizeConvertible.swift */,
				EF707C05230137CA00EB3D8A /* AutoLayoutable.swift */,
			);
			path = Protocols;
			sourceTree = "<group>";
		};
		EF707C06230137CA00EB3D8A /* Helpers */ = {
			isa = PBXGroup;
			children = (
				EF707C07230137CA00EB3D8A /* AutoLayoutOperators.swift */,
				EF707C08230137CA00EB3D8A /* AutoLayoutableAnchorHelper.swift */,
				EF707C09230137CA00EB3D8A /* NSOffset.swift */,
				EF707C0A230137CA00EB3D8A /* SupportExtensions.swift */,
				EF707C0B230137CA00EB3D8A /* CGMultiplier.swift */,
			);
			path = Helpers;
			sourceTree = "<group>";
		};
		EF707C0D230137CA00EB3D8A /* Functional */ = {
			isa = PBXGroup;
			children = (
				EF707C0E230137CA00EB3D8A /* NSLayoutConstraintAttributeExtensions.swift */,
				EF707C0F230137CA00EB3D8A /* AutoLayoutableExtensions.swift */,
			);
			path = Functional;
			sourceTree = "<group>";
		};
/* End PBXGroup section */

/* Begin PBXHeadersBuildPhase section */
		AD4F4D0F22CB8B4F00EBE63B /* Headers */ = {
			isa = PBXHeadersBuildPhase;
			buildActionMask = 2147483647;
			files = (
				AD4F4D1922CB8B4F00EBE63B /* ServiceManager.h in Headers */,
			);
			runOnlyForDeploymentPostprocessing = 0;
		};
/* End PBXHeadersBuildPhase section */

/* Begin PBXNativeTarget section */
		AD4F4D1322CB8B4F00EBE63B /* ServiceManager */ = {
			isa = PBXNativeTarget;
			buildConfigurationList = AD4F4D1C22CB8B4F00EBE63B /* Build configuration list for PBXNativeTarget "ServiceManager" */;
			buildPhases = (
				AD4F4D0F22CB8B4F00EBE63B /* Headers */,
				AD4F4D1022CB8B4F00EBE63B /* Sources */,
				AD4F4D1122CB8B4F00EBE63B /* Frameworks */,
				AD4F4D1222CB8B4F00EBE63B /* Resources */,
			);
			buildRules = (
			);
			dependencies = (
			);
			name = ServiceManager;
			productName = ServiceManager;
			productReference = AD4F4D1422CB8B4F00EBE63B /* ServiceManager.framework */;
			productType = "com.apple.product-type.framework";
		};
		AD4F4D2522CC5D2E00EBE63B /* ServiceManagerMacOS */ = {
			isa = PBXNativeTarget;
			buildConfigurationList = AD4F4D3122CC5D3000EBE63B /* Build configuration list for PBXNativeTarget "ServiceManagerMacOS" */;
			buildPhases = (
				AD4F4D2222CC5D2E00EBE63B /* Sources */,
				AD4F4D2322CC5D2E00EBE63B /* Frameworks */,
				AD4F4D2422CC5D2E00EBE63B /* Resources */,
			);
			buildRules = (
			);
			dependencies = (
			);
			name = ServiceManagerMacOS;
			productName = ServiceManagerMacOS;
			productReference = AD4F4D2622CC5D2E00EBE63B /* ServiceManagerMacOS.app */;
			productType = "com.apple.product-type.application";
		};
/* End PBXNativeTarget section */

/* Begin PBXProject section */
		AD4F4D0B22CB8B4F00EBE63B /* Project object */ = {
			isa = PBXProject;
			attributes = {
				LastSwiftUpdateCheck = 1020;
				LastUpgradeCheck = 1020;
				ORGANIZATIONNAME = "Bibin Jacob Pulickal";
				TargetAttributes = {
					AD4F4D1322CB8B4F00EBE63B = {
						CreatedOnToolsVersion = 10.2.1;
						LastSwiftMigration = 1020;
					};
					AD4F4D2522CC5D2E00EBE63B = {
						CreatedOnToolsVersion = 10.2.1;
						LastSwiftMigration = 1020;
						SystemCapabilities = {
							com.apple.Sandbox = {
								enabled = 0;
							};
						};
					};
				};
			};
			buildConfigurationList = AD4F4D0E22CB8B4F00EBE63B /* Build configuration list for PBXProject "ServiceManager" */;
			compatibilityVersion = "Xcode 9.3";
			developmentRegion = en;
			hasScannedForEncodings = 0;
			knownRegions = (
				en,
				Base,
			);
			mainGroup = AD4F4D0A22CB8B4F00EBE63B;
			productRefGroup = AD4F4D1522CB8B4F00EBE63B /* Products */;
			projectDirPath = "";
			projectRoot = "";
			targets = (
				AD4F4D1322CB8B4F00EBE63B /* ServiceManager */,
				AD4F4D2522CC5D2E00EBE63B /* ServiceManagerMacOS */,
			);
		};
/* End PBXProject section */

/* Begin PBXResourcesBuildPhase section */
		AD4F4D1222CB8B4F00EBE63B /* Resources */ = {
			isa = PBXResourcesBuildPhase;
			buildActionMask = 2147483647;
			files = (
			);
			runOnlyForDeploymentPostprocessing = 0;
		};
		AD4F4D2422CC5D2E00EBE63B /* Resources */ = {
			isa = PBXResourcesBuildPhase;
			buildActionMask = 2147483647;
			files = (
				EF707C1B230137CA00EB3D8A /* Info.plist in Resources */,
				AD4F4D2B22CC5D3000EBE63B /* Assets.xcassets in Resources */,
			);
			runOnlyForDeploymentPostprocessing = 0;
		};
/* End PBXResourcesBuildPhase section */

/* Begin PBXSourcesBuildPhase section */
		AD4F4D1022CB8B4F00EBE63B /* Sources */ = {
			isa = PBXSourcesBuildPhase;
			buildActionMask = 2147483647;
			files = (
				EF2AB43622EC7D1400FCC58C /* HTTPEncoding.swift in Sources */,
				EF5D0C3422FC8E8F0003B757 /* EncodableExtensions.swift in Sources */,
				EF5D0C2E22FB2CBD0003B757 /* RequestComponent.swift in Sources */,
				AD428B5022DC5C7500444C33 /* HTTPHeader.swift in Sources */,
				AD428B3C22D74E5300444C33 /* HTTPError.swift in Sources */,
				AD428B4822D86F7700444C33 /* AnyDecoder.swift in Sources */,
				EF2AB43A22EC903F00FCC58C /* FormDataEncoding.swift in Sources */,
				AD4F4D2022CB8CF300EBE63B /* Service.swift in Sources */,
				AD428B5522DDC05D00444C33 /* URLConvertible.swift in Sources */,
				AD428B4222D8510500444C33 /* HTTPScheme.swift in Sources */,
				EF5D0C3022FB30DD0003B757 /* Route.swift in Sources */,
				AD428B4422D86AE300444C33 /* ResponseDecodable.swift in Sources */,
				AD428B3F22D84AB300444C33 /* URLComponent.swift in Sources */,
				AD428B4A22D8943300444C33 /* RequestEncodable.swift in Sources */,
				EF2AB43822EC7D5100FCC58C /* URLEncoding.swift in Sources */,
				AD20224522D71FAD00A69799 /* RequestConvertible.swift in Sources */,
				AD428B4C22D8948B00444C33 /* AnyEncoder.swift in Sources */,
				AD428B4E22D8959500444C33 /* HTTPMethod.swift in Sources */,
			);
			runOnlyForDeploymentPostprocessing = 0;
		};
		AD4F4D2222CC5D2E00EBE63B /* Sources */ = {
			isa = PBXSourcesBuildPhase;
			buildActionMask = 2147483647;
			files = (
				EF707C15230137CA00EB3D8A /* AutoLayoutable.swift in Sources */,
				EF707C17230137CA00EB3D8A /* AutoLayoutableAnchorHelper.swift in Sources */,
				EF707BFB2300C9D500EB3D8A /* ServiceView.swift in Sources */,
				EF707C18230137CA00EB3D8A /* NSOffset.swift in Sources */,
				EF707C1D230137CA00EB3D8A /* AutoLayoutableExtensions.swift in Sources */,
				AD428B3922D7498400444C33 /* ServiceController.swift in Sources */,
				EF707C11230137CA00EB3D8A /* EdgeInsetConvertible.swift in Sources */,
				AD4F4D3722CC5DC100EBE63B /* main.swift in Sources */,
				EF707C1C230137CA00EB3D8A /* NSLayoutConstraintAttributeExtensions.swift in Sources */,
				EF707C14230137CA00EB3D8A /* SizeConvertible.swift in Sources */,
				EF707C16230137CA00EB3D8A /* AutoLayoutOperators.swift in Sources */,
				AD4F4D3622CC5DC100EBE63B /* AppDelegate.swift in Sources */,
				EF707C19230137CA00EB3D8A /* SupportExtensions.swift in Sources */,
				EF707C10230137CA00EB3D8A /* MultiplierConvertible.swift in Sources */,
				EF707BF82300746900EB3D8A /* MethodPopupButton.swift in Sources */,
				EF707C12230137CA00EB3D8A /* Initializable.swift in Sources */,
				EF707C1A230137CA00EB3D8A /* CGMultiplier.swift in Sources */,
				EF707C13230137CA00EB3D8A /* OffsetConvertible.swift in Sources */,
			);
			runOnlyForDeploymentPostprocessing = 0;
		};
/* End PBXSourcesBuildPhase section */

/* Begin XCBuildConfiguration section */
		AD4F4D1A22CB8B4F00EBE63B /* Debug */ = {
			isa = XCBuildConfiguration;
			buildSettings = {
				ALWAYS_SEARCH_USER_PATHS = NO;
				CLANG_ANALYZER_NONNULL = YES;
				CLANG_ANALYZER_NUMBER_OBJECT_CONVERSION = YES_AGGRESSIVE;
				CLANG_CXX_LANGUAGE_STANDARD = "gnu++14";
				CLANG_CXX_LIBRARY = "libc++";
				CLANG_ENABLE_MODULES = YES;
				CLANG_ENABLE_OBJC_ARC = YES;
				CLANG_ENABLE_OBJC_WEAK = YES;
				CLANG_WARN_BLOCK_CAPTURE_AUTORELEASING = YES;
				CLANG_WARN_BOOL_CONVERSION = YES;
				CLANG_WARN_COMMA = YES;
				CLANG_WARN_CONSTANT_CONVERSION = YES;
				CLANG_WARN_DEPRECATED_OBJC_IMPLEMENTATIONS = YES;
				CLANG_WARN_DIRECT_OBJC_ISA_USAGE = YES_ERROR;
				CLANG_WARN_DOCUMENTATION_COMMENTS = YES;
				CLANG_WARN_EMPTY_BODY = YES;
				CLANG_WARN_ENUM_CONVERSION = YES;
				CLANG_WARN_INFINITE_RECURSION = YES;
				CLANG_WARN_INT_CONVERSION = YES;
				CLANG_WARN_NON_LITERAL_NULL_CONVERSION = YES;
				CLANG_WARN_OBJC_IMPLICIT_RETAIN_SELF = YES;
				CLANG_WARN_OBJC_LITERAL_CONVERSION = YES;
				CLANG_WARN_OBJC_ROOT_CLASS = YES_ERROR;
				CLANG_WARN_RANGE_LOOP_ANALYSIS = YES;
				CLANG_WARN_STRICT_PROTOTYPES = YES;
				CLANG_WARN_SUSPICIOUS_MOVE = YES;
				CLANG_WARN_UNGUARDED_AVAILABILITY = YES_AGGRESSIVE;
				CLANG_WARN_UNREACHABLE_CODE = YES;
				CLANG_WARN__DUPLICATE_METHOD_MATCH = YES;
				CODE_SIGN_IDENTITY = "iPhone Developer";
				COPY_PHASE_STRIP = NO;
				CURRENT_PROJECT_VERSION = 1;
				DEBUG_INFORMATION_FORMAT = dwarf;
				ENABLE_STRICT_OBJC_MSGSEND = YES;
				ENABLE_TESTABILITY = YES;
				GCC_C_LANGUAGE_STANDARD = gnu11;
				GCC_DYNAMIC_NO_PIC = NO;
				GCC_NO_COMMON_BLOCKS = YES;
				GCC_OPTIMIZATION_LEVEL = 0;
				GCC_PREPROCESSOR_DEFINITIONS = (
					"DEBUG=1",
					"$(inherited)",
				);
				GCC_WARN_64_TO_32_BIT_CONVERSION = YES;
				GCC_WARN_ABOUT_RETURN_TYPE = YES_ERROR;
				GCC_WARN_UNDECLARED_SELECTOR = YES;
				GCC_WARN_UNINITIALIZED_AUTOS = YES_AGGRESSIVE;
				GCC_WARN_UNUSED_FUNCTION = YES;
				GCC_WARN_UNUSED_VARIABLE = YES;
				IPHONEOS_DEPLOYMENT_TARGET = 12.2;
				MTL_ENABLE_DEBUG_INFO = INCLUDE_SOURCE;
				MTL_FAST_MATH = YES;
				ONLY_ACTIVE_ARCH = YES;
				SDKROOT = iphoneos;
				SWIFT_ACTIVE_COMPILATION_CONDITIONS = DEBUG;
				SWIFT_OPTIMIZATION_LEVEL = "-Onone";
				VERSIONING_SYSTEM = "apple-generic";
				VERSION_INFO_PREFIX = "";
			};
			name = Debug;
		};
		AD4F4D1B22CB8B4F00EBE63B /* Release */ = {
			isa = XCBuildConfiguration;
			buildSettings = {
				ALWAYS_SEARCH_USER_PATHS = NO;
				CLANG_ANALYZER_NONNULL = YES;
				CLANG_ANALYZER_NUMBER_OBJECT_CONVERSION = YES_AGGRESSIVE;
				CLANG_CXX_LANGUAGE_STANDARD = "gnu++14";
				CLANG_CXX_LIBRARY = "libc++";
				CLANG_ENABLE_MODULES = YES;
				CLANG_ENABLE_OBJC_ARC = YES;
				CLANG_ENABLE_OBJC_WEAK = YES;
				CLANG_WARN_BLOCK_CAPTURE_AUTORELEASING = YES;
				CLANG_WARN_BOOL_CONVERSION = YES;
				CLANG_WARN_COMMA = YES;
				CLANG_WARN_CONSTANT_CONVERSION = YES;
				CLANG_WARN_DEPRECATED_OBJC_IMPLEMENTATIONS = YES;
				CLANG_WARN_DIRECT_OBJC_ISA_USAGE = YES_ERROR;
				CLANG_WARN_DOCUMENTATION_COMMENTS = YES;
				CLANG_WARN_EMPTY_BODY = YES;
				CLANG_WARN_ENUM_CONVERSION = YES;
				CLANG_WARN_INFINITE_RECURSION = YES;
				CLANG_WARN_INT_CONVERSION = YES;
				CLANG_WARN_NON_LITERAL_NULL_CONVERSION = YES;
				CLANG_WARN_OBJC_IMPLICIT_RETAIN_SELF = YES;
				CLANG_WARN_OBJC_LITERAL_CONVERSION = YES;
				CLANG_WARN_OBJC_ROOT_CLASS = YES_ERROR;
				CLANG_WARN_RANGE_LOOP_ANALYSIS = YES;
				CLANG_WARN_STRICT_PROTOTYPES = YES;
				CLANG_WARN_SUSPICIOUS_MOVE = YES;
				CLANG_WARN_UNGUARDED_AVAILABILITY = YES_AGGRESSIVE;
				CLANG_WARN_UNREACHABLE_CODE = YES;
				CLANG_WARN__DUPLICATE_METHOD_MATCH = YES;
				CODE_SIGN_IDENTITY = "iPhone Developer";
				COPY_PHASE_STRIP = NO;
				CURRENT_PROJECT_VERSION = 1;
				DEBUG_INFORMATION_FORMAT = "dwarf-with-dsym";
				ENABLE_NS_ASSERTIONS = NO;
				ENABLE_STRICT_OBJC_MSGSEND = YES;
				GCC_C_LANGUAGE_STANDARD = gnu11;
				GCC_NO_COMMON_BLOCKS = YES;
				GCC_WARN_64_TO_32_BIT_CONVERSION = YES;
				GCC_WARN_ABOUT_RETURN_TYPE = YES_ERROR;
				GCC_WARN_UNDECLARED_SELECTOR = YES;
				GCC_WARN_UNINITIALIZED_AUTOS = YES_AGGRESSIVE;
				GCC_WARN_UNUSED_FUNCTION = YES;
				GCC_WARN_UNUSED_VARIABLE = YES;
				IPHONEOS_DEPLOYMENT_TARGET = 12.2;
				MTL_ENABLE_DEBUG_INFO = NO;
				MTL_FAST_MATH = YES;
				SDKROOT = iphoneos;
				SWIFT_COMPILATION_MODE = wholemodule;
				SWIFT_OPTIMIZATION_LEVEL = "-O";
				VALIDATE_PRODUCT = YES;
				VERSIONING_SYSTEM = "apple-generic";
				VERSION_INFO_PREFIX = "";
			};
			name = Release;
		};
		AD4F4D1D22CB8B4F00EBE63B /* Debug */ = {
			isa = XCBuildConfiguration;
			buildSettings = {
				CLANG_ENABLE_MODULES = YES;
				CODE_SIGN_IDENTITY = "";
				CODE_SIGN_STYLE = Automatic;
				DEFINES_MODULE = YES;
				DYLIB_COMPATIBILITY_VERSION = 1;
				DYLIB_CURRENT_VERSION = 1;
				DYLIB_INSTALL_NAME_BASE = "@rpath";
				INFOPLIST_FILE = "$(SRCROOT)/ServiceManager/Service/Info.plist";
				INSTALL_PATH = "$(LOCAL_LIBRARY_DIR)/Frameworks";
				IPHONEOS_DEPLOYMENT_TARGET = 8.0;
				LD_RUNPATH_SEARCH_PATHS = (
					"$(inherited)",
					"@executable_path/Frameworks",
					"@loader_path/Frameworks",
				);
				PRODUCT_BUNDLE_IDENTIFIER = com.pulickan.ServiceManager;
				PRODUCT_NAME = "$(TARGET_NAME:c99extidentifier)";
				SKIP_INSTALL = YES;
				SUPPORTED_PLATFORMS = "iphonesimulator iphoneos macosx watchsimulator watchos appletvos appletvsimulator";
				SWIFT_OPTIMIZATION_LEVEL = "-Onone";
				SWIFT_VERSION = 5.0;
				TARGETED_DEVICE_FAMILY = "1,2";
			};
			name = Debug;
		};
		AD4F4D1E22CB8B4F00EBE63B /* Release */ = {
			isa = XCBuildConfiguration;
			buildSettings = {
				CLANG_ENABLE_MODULES = YES;
				CODE_SIGN_IDENTITY = "";
				CODE_SIGN_STYLE = Automatic;
				DEFINES_MODULE = YES;
				DYLIB_COMPATIBILITY_VERSION = 1;
				DYLIB_CURRENT_VERSION = 1;
				DYLIB_INSTALL_NAME_BASE = "@rpath";
				INFOPLIST_FILE = "$(SRCROOT)/ServiceManager/Service/Info.plist";
				INSTALL_PATH = "$(LOCAL_LIBRARY_DIR)/Frameworks";
				IPHONEOS_DEPLOYMENT_TARGET = 8.0;
				LD_RUNPATH_SEARCH_PATHS = (
					"$(inherited)",
					"@executable_path/Frameworks",
					"@loader_path/Frameworks",
				);
				PRODUCT_BUNDLE_IDENTIFIER = com.pulickan.ServiceManager;
				PRODUCT_NAME = "$(TARGET_NAME:c99extidentifier)";
				SKIP_INSTALL = YES;
				SUPPORTED_PLATFORMS = "iphonesimulator iphoneos macosx watchsimulator watchos appletvos appletvsimulator";
				SWIFT_VERSION = 5.0;
				TARGETED_DEVICE_FAMILY = "1,2";
			};
			name = Release;
		};
		AD4F4D3222CC5D3000EBE63B /* Debug */ = {
			isa = XCBuildConfiguration;
			buildSettings = {
				ASSETCATALOG_COMPILER_APPICON_NAME = AppIcon;
				CLANG_ENABLE_MODULES = YES;
				CODE_SIGN_IDENTITY = "-";
				CODE_SIGN_STYLE = Automatic;
				COMBINE_HIDPI_IMAGES = YES;
				INFOPLIST_FILE = ServiceManagerMacOS/Info.plist;
				LD_RUNPATH_SEARCH_PATHS = (
					"$(inherited)",
					"@executable_path/../Frameworks",
				);
				MACOSX_DEPLOYMENT_TARGET = 10.14;
				PRODUCT_BUNDLE_IDENTIFIER = com.pulickan.ServiceManagerMacOS;
				PRODUCT_NAME = "$(TARGET_NAME)";
				SDKROOT = macosx;
				SWIFT_OPTIMIZATION_LEVEL = "-Onone";
				SWIFT_VERSION = 5.0;
			};
			name = Debug;
		};
		AD4F4D3322CC5D3000EBE63B /* Release */ = {
			isa = XCBuildConfiguration;
			buildSettings = {
				ASSETCATALOG_COMPILER_APPICON_NAME = AppIcon;
				CLANG_ENABLE_MODULES = YES;
				CODE_SIGN_IDENTITY = "-";
				CODE_SIGN_STYLE = Automatic;
				COMBINE_HIDPI_IMAGES = YES;
				INFOPLIST_FILE = ServiceManagerMacOS/Info.plist;
				LD_RUNPATH_SEARCH_PATHS = (
					"$(inherited)",
					"@executable_path/../Frameworks",
				);
				MACOSX_DEPLOYMENT_TARGET = 10.14;
				PRODUCT_BUNDLE_IDENTIFIER = com.pulickan.ServiceManagerMacOS;
				PRODUCT_NAME = "$(TARGET_NAME)";
				SDKROOT = macosx;
				SWIFT_VERSION = 5.0;
			};
			name = Release;
		};
/* End XCBuildConfiguration section */

/* Begin XCConfigurationList section */
		AD4F4D0E22CB8B4F00EBE63B /* Build configuration list for PBXProject "ServiceManager" */ = {
			isa = XCConfigurationList;
			buildConfigurations = (
				AD4F4D1A22CB8B4F00EBE63B /* Debug */,
				AD4F4D1B22CB8B4F00EBE63B /* Release */,
			);
			defaultConfigurationIsVisible = 0;
			defaultConfigurationName = Release;
		};
		AD4F4D1C22CB8B4F00EBE63B /* Build configuration list for PBXNativeTarget "ServiceManager" */ = {
			isa = XCConfigurationList;
			buildConfigurations = (
				AD4F4D1D22CB8B4F00EBE63B /* Debug */,
				AD4F4D1E22CB8B4F00EBE63B /* Release */,
			);
			defaultConfigurationIsVisible = 0;
			defaultConfigurationName = Release;
		};
		AD4F4D3122CC5D3000EBE63B /* Build configuration list for PBXNativeTarget "ServiceManagerMacOS" */ = {
			isa = XCConfigurationList;
			buildConfigurations = (
				AD4F4D3222CC5D3000EBE63B /* Debug */,
				AD4F4D3322CC5D3000EBE63B /* Release */,
			);
			defaultConfigurationIsVisible = 0;
			defaultConfigurationName = Release;
		};
/* End XCConfigurationList section */
	};
	rootObject = AD4F4D0B22CB8B4F00EBE63B /* Project object */;
}
