// !$*UTF8*$!
{
	archiveVersion = 1;
	classes = {
	};
	objectVersion = 50;
	objects = {

/* Begin PBXBuildFile section */
		112ACCF9222FDC7E00680BBF /* Service.swift in Sources */ = {isa = PBXBuildFile; fileRef = 112ACCEF222FDC7D00680BBF /* Service.swift */; };
		112ACCFA222FDC7E00680BBF /* CodableExtensions.swift in Sources */ = {isa = PBXBuildFile; fileRef = 112ACCF0222FDC7D00680BBF /* CodableExtensions.swift */; };
		112ACCFB222FDC7E00680BBF /* Route.swift in Sources */ = {isa = PBXBuildFile; fileRef = 112ACCF1222FDC7D00680BBF /* Route.swift */; };
		112ACCFC222FDC7E00680BBF /* HTTPEncoding.swift in Sources */ = {isa = PBXBuildFile; fileRef = 112ACCF2222FDC7D00680BBF /* HTTPEncoding.swift */; };
		112ACCFD222FDC7E00680BBF /* HTTPResult.swift in Sources */ = {isa = PBXBuildFile; fileRef = 112ACCF3222FDC7D00680BBF /* HTTPResult.swift */; };
		112ACCFE222FDC7E00680BBF /* UIImageExtensions.swift in Sources */ = {isa = PBXBuildFile; fileRef = 112ACCF4222FDC7D00680BBF /* UIImageExtensions.swift */; };
		112ACCFF222FDC7E00680BBF /* URLRequestExtension.swift in Sources */ = {isa = PBXBuildFile; fileRef = 112ACCF5222FDC7D00680BBF /* URLRequestExtension.swift */; };
		112ACD00222FDC7E00680BBF /* HTTPMethod.swift in Sources */ = {isa = PBXBuildFile; fileRef = 112ACCF6222FDC7D00680BBF /* HTTPMethod.swift */; };
		112ACD01222FDC7E00680BBF /* RouteExtension.swift in Sources */ = {isa = PBXBuildFile; fileRef = 112ACCF7222FDC7D00680BBF /* RouteExtension.swift */; };
		1133CD8F224EF37B0017A2D9 /* HTTPScheme.swift in Sources */ = {isa = PBXBuildFile; fileRef = 1133CD8E224EF37B0017A2D9 /* HTTPScheme.swift */; };
		1139F2C822506ADC00588C88 /* FormDataHelper.swift in Sources */ = {isa = PBXBuildFile; fileRef = 1139F2C722506ADC00588C88 /* FormDataHelper.swift */; };
		1139F2CA22506B5200588C88 /* RouteDefaults.swift in Sources */ = {isa = PBXBuildFile; fileRef = 1139F2C922506B5200588C88 /* RouteDefaults.swift */; };
		11F1602222527BD300B3E340 /* ServiceLogger.swift in Sources */ = {isa = PBXBuildFile; fileRef = 11F1602122527BD300B3E340 /* ServiceLogger.swift */; };
		11F1602422527C2600B3E340 /* HTTPError.swift in Sources */ = {isa = PBXBuildFile; fileRef = 11F1602322527C2600B3E340 /* HTTPError.swift */; };
		DB456028216BDB2E007543C0 /* AppDelegate.swift in Sources */ = {isa = PBXBuildFile; fileRef = DB456027216BDB2E007543C0 /* AppDelegate.swift */; };
		DB456032216BDB32007543C0 /* Assets.xcassets in Resources */ = {isa = PBXBuildFile; fileRef = DB456031216BDB32007543C0 /* Assets.xcassets */; };
/* End PBXBuildFile section */

/* Begin PBXFileReference section */
		112ACCEF222FDC7D00680BBF /* Service.swift */ = {isa = PBXFileReference; fileEncoding = 4; lastKnownFileType = sourcecode.swift; path = Service.swift; sourceTree = "<group>"; };
		112ACCF0222FDC7D00680BBF /* CodableExtensions.swift */ = {isa = PBXFileReference; fileEncoding = 4; lastKnownFileType = sourcecode.swift; path = CodableExtensions.swift; sourceTree = "<group>"; };
		112ACCF1222FDC7D00680BBF /* Route.swift */ = {isa = PBXFileReference; fileEncoding = 4; lastKnownFileType = sourcecode.swift; path = Route.swift; sourceTree = "<group>"; };
		112ACCF2222FDC7D00680BBF /* HTTPEncoding.swift */ = {isa = PBXFileReference; fileEncoding = 4; lastKnownFileType = sourcecode.swift; path = HTTPEncoding.swift; sourceTree = "<group>"; };
		112ACCF3222FDC7D00680BBF /* HTTPResult.swift */ = {isa = PBXFileReference; fileEncoding = 4; lastKnownFileType = sourcecode.swift; path = HTTPResult.swift; sourceTree = "<group>"; };
		112ACCF4222FDC7D00680BBF /* UIImageExtensions.swift */ = {isa = PBXFileReference; fileEncoding = 4; lastKnownFileType = sourcecode.swift; path = UIImageExtensions.swift; sourceTree = "<group>"; };
		112ACCF5222FDC7D00680BBF /* URLRequestExtension.swift */ = {isa = PBXFileReference; fileEncoding = 4; lastKnownFileType = sourcecode.swift; path = URLRequestExtension.swift; sourceTree = "<group>"; };
		112ACCF6222FDC7D00680BBF /* HTTPMethod.swift */ = {isa = PBXFileReference; fileEncoding = 4; lastKnownFileType = sourcecode.swift; path = HTTPMethod.swift; sourceTree = "<group>"; };
		112ACCF7222FDC7D00680BBF /* RouteExtension.swift */ = {isa = PBXFileReference; fileEncoding = 4; lastKnownFileType = sourcecode.swift; path = RouteExtension.swift; sourceTree = "<group>"; };
		1133CD8E224EF37B0017A2D9 /* HTTPScheme.swift */ = {isa = PBXFileReference; lastKnownFileType = sourcecode.swift; path = HTTPScheme.swift; sourceTree = "<group>"; };
		1139F2C722506ADC00588C88 /* FormDataHelper.swift */ = {isa = PBXFileReference; lastKnownFileType = sourcecode.swift; path = FormDataHelper.swift; sourceTree = "<group>"; };
		1139F2C922506B5200588C88 /* RouteDefaults.swift */ = {isa = PBXFileReference; lastKnownFileType = sourcecode.swift; path = RouteDefaults.swift; sourceTree = "<group>"; };
		11F1602122527BD300B3E340 /* ServiceLogger.swift */ = {isa = PBXFileReference; lastKnownFileType = sourcecode.swift; path = ServiceLogger.swift; sourceTree = "<group>"; };
		11F1602322527C2600B3E340 /* HTTPError.swift */ = {isa = PBXFileReference; lastKnownFileType = sourcecode.swift; path = HTTPError.swift; sourceTree = "<group>"; };
		DB456024216BDB2E007543C0 /* NetworkManager.app */ = {isa = PBXFileReference; explicitFileType = wrapper.application; includeInIndex = 0; path = NetworkManager.app; sourceTree = BUILT_PRODUCTS_DIR; };
		DB456027216BDB2E007543C0 /* AppDelegate.swift */ = {isa = PBXFileReference; lastKnownFileType = sourcecode.swift; path = AppDelegate.swift; sourceTree = "<group>"; };
		DB456031216BDB32007543C0 /* Assets.xcassets */ = {isa = PBXFileReference; lastKnownFileType = folder.assetcatalog; path = Assets.xcassets; sourceTree = "<group>"; };
		DB456036216BDB32007543C0 /* Info.plist */ = {isa = PBXFileReference; lastKnownFileType = text.plist.xml; path = Info.plist; sourceTree = "<group>"; };
/* End PBXFileReference section */

/* Begin PBXFrameworksBuildPhase section */
		DB456021216BDB2E007543C0 /* Frameworks */ = {
			isa = PBXFrameworksBuildPhase;
			buildActionMask = 2147483647;
			files = (
			);
			runOnlyForDeploymentPostprocessing = 0;
		};
/* End PBXFrameworksBuildPhase section */

/* Begin PBXGroup section */
		11F1601D22527B5C00B3E340 /* HTTP */ = {
			isa = PBXGroup;
			children = (
				112ACCF2222FDC7D00680BBF /* HTTPEncoding.swift */,
				11F1602322527C2600B3E340 /* HTTPError.swift */,
				112ACCF6222FDC7D00680BBF /* HTTPMethod.swift */,
				112ACCF3222FDC7D00680BBF /* HTTPResult.swift */,
				1133CD8E224EF37B0017A2D9 /* HTTPScheme.swift */,
			);
			path = HTTP;
			sourceTree = "<group>";
		};
		11F1601E22527B7300B3E340 /* Helpers */ = {
			isa = PBXGroup;
			children = (
				112ACCF0222FDC7D00680BBF /* CodableExtensions.swift */,
				1139F2C722506ADC00588C88 /* FormDataHelper.swift */,
				112ACCF4222FDC7D00680BBF /* UIImageExtensions.swift */,
				112ACCF5222FDC7D00680BBF /* URLRequestExtension.swift */,
			);
			path = Helpers;
			sourceTree = "<group>";
		};
		11F1601F22527B7E00B3E340 /* Route */ = {
			isa = PBXGroup;
			children = (
				112ACCF1222FDC7D00680BBF /* Route.swift */,
				1139F2C922506B5200588C88 /* RouteDefaults.swift */,
				112ACCF7222FDC7D00680BBF /* RouteExtension.swift */,
			);
			path = Route;
			sourceTree = "<group>";
		};
		11F1602022527BB700B3E340 /* Service */ = {
			isa = PBXGroup;
			children = (
				112ACCEF222FDC7D00680BBF /* Service.swift */,
				11F1602122527BD300B3E340 /* ServiceLogger.swift */,
			);
			path = Service;
			sourceTree = "<group>";
		};
		DB45601B216BDB2E007543C0 = {
			isa = PBXGroup;
			children = (
				DB456026216BDB2E007543C0 /* NetworkManager */,
				DB456025216BDB2E007543C0 /* Products */,
			);
			sourceTree = "<group>";
		};
		DB456025216BDB2E007543C0 /* Products */ = {
			isa = PBXGroup;
			children = (
				DB456024216BDB2E007543C0 /* NetworkManager.app */,
			);
			name = Products;
			sourceTree = "<group>";
		};
		DB456026216BDB2E007543C0 /* NetworkManager */ = {
			isa = PBXGroup;
			children = (
				DB567F8121705DF400A9C251 /* Singletons */,
				DB567F8221705E3000A9C251 /* Network Manager */,
				DB45607E216D1FBA007543C0 /* Supporting FIles */,
			);
			path = NetworkManager;
			sourceTree = "<group>";
		};
		DB45607E216D1FBA007543C0 /* Supporting FIles */ = {
			isa = PBXGroup;
			children = (
				DB456031216BDB32007543C0 /* Assets.xcassets */,
				DB456036216BDB32007543C0 /* Info.plist */,
			);
			path = "Supporting FIles";
			sourceTree = "<group>";
		};
		DB567F8121705DF400A9C251 /* Singletons */ = {
			isa = PBXGroup;
			children = (
				DB456027216BDB2E007543C0 /* AppDelegate.swift */,
			);
			path = Singletons;
			sourceTree = "<group>";
		};
		DB567F8221705E3000A9C251 /* Network Manager */ = {
			isa = PBXGroup;
			children = (
				11F1602022527BB700B3E340 /* Service */,
				11F1601F22527B7E00B3E340 /* Route */,
				11F1601E22527B7300B3E340 /* Helpers */,
				11F1601D22527B5C00B3E340 /* HTTP */,
			);
			path = "Network Manager";
			sourceTree = "<group>";
		};
/* End PBXGroup section */

/* Begin PBXNativeTarget section */
		DB456023216BDB2E007543C0 /* NetworkManager */ = {
			isa = PBXNativeTarget;
			buildConfigurationList = DB456039216BDB32007543C0 /* Build configuration list for PBXNativeTarget "NetworkManager" */;
			buildPhases = (
				DB456020216BDB2E007543C0 /* Sources */,
				DB456021216BDB2E007543C0 /* Frameworks */,
				DB456022216BDB2E007543C0 /* Resources */,
			);
			buildRules = (
			);
			dependencies = (
			);
			name = NetworkManager;
			productName = NetworkManager;
			productReference = DB456024216BDB2E007543C0 /* NetworkManager.app */;
			productType = "com.apple.product-type.application";
		};
/* End PBXNativeTarget section */

/* Begin PBXProject section */
		DB45601C216BDB2E007543C0 /* Project object */ = {
			isa = PBXProject;
			attributes = {
				LastSwiftUpdateCheck = 1000;
				LastUpgradeCheck = 1000;
				ORGANIZATIONNAME = "Bibin Jacob Pulickal";
				TargetAttributes = {
					DB456023216BDB2E007543C0 = {
						CreatedOnToolsVersion = 10.0;
						LastSwiftMigration = 1020;
					};
				};
			};
			buildConfigurationList = DB45601F216BDB2E007543C0 /* Build configuration list for PBXProject "NetworkManager" */;
			compatibilityVersion = "Xcode 9.3";
			developmentRegion = en;
			hasScannedForEncodings = 0;
			knownRegions = (
				en,
				Base,
			);
			mainGroup = DB45601B216BDB2E007543C0;
			productRefGroup = DB456025216BDB2E007543C0 /* Products */;
			projectDirPath = "";
			projectRoot = "";
			targets = (
				DB456023216BDB2E007543C0 /* NetworkManager */,
			);
		};
/* End PBXProject section */

/* Begin PBXResourcesBuildPhase section */
		DB456022216BDB2E007543C0 /* Resources */ = {
			isa = PBXResourcesBuildPhase;
			buildActionMask = 2147483647;
			files = (
				DB456032216BDB32007543C0 /* Assets.xcassets in Resources */,
			);
			runOnlyForDeploymentPostprocessing = 0;
		};
/* End PBXResourcesBuildPhase section */

/* Begin PBXSourcesBuildPhase section */
		DB456020216BDB2E007543C0 /* Sources */ = {
			isa = PBXSourcesBuildPhase;
			buildActionMask = 2147483647;
			files = (
				112ACCFC222FDC7E00680BBF /* HTTPEncoding.swift in Sources */,
				112ACCFE222FDC7E00680BBF /* UIImageExtensions.swift in Sources */,
				1133CD8F224EF37B0017A2D9 /* HTTPScheme.swift in Sources */,
				112ACCFD222FDC7E00680BBF /* HTTPResult.swift in Sources */,
				112ACD01222FDC7E00680BBF /* RouteExtension.swift in Sources */,
				1139F2C822506ADC00588C88 /* FormDataHelper.swift in Sources */,
				112ACD00222FDC7E00680BBF /* HTTPMethod.swift in Sources */,
				1139F2CA22506B5200588C88 /* RouteDefaults.swift in Sources */,
				112ACCF9222FDC7E00680BBF /* Service.swift in Sources */,
				112ACCFB222FDC7E00680BBF /* Route.swift in Sources */,
				11F1602222527BD300B3E340 /* ServiceLogger.swift in Sources */,
				112ACCFF222FDC7E00680BBF /* URLRequestExtension.swift in Sources */,
				112ACCFA222FDC7E00680BBF /* CodableExtensions.swift in Sources */,
				11F1602422527C2600B3E340 /* HTTPError.swift in Sources */,
				DB456028216BDB2E007543C0 /* AppDelegate.swift in Sources */,
			);
			runOnlyForDeploymentPostprocessing = 0;
		};
/* End PBXSourcesBuildPhase section */

/* Begin XCBuildConfiguration section */
		DB456037216BDB32007543C0 /* Debug */ = {
			isa = XCBuildConfiguration;
			buildSettings = {
				ALWAYS_SEARCH_USER_PATHS = NO;
				CLANG_ANALYZER_NONNULL = YES;
				CLANG_ANALYZER_NUMBER_OBJECT_CONVERSION = YES_AGGRESSIVE;
				CLANG_CXX_LANGUAGE_STANDARD = "gnu++14";
				CLANG_CXX_LIBRARY = "libc++";
				CLANG_ENABLE_MODULES = YES;
				CLANG_ENABLE_OBJC_ARC = YES;
				CLANG_ENABLE_OBJC_WEAK = YES;
				CLANG_WARN_BLOCK_CAPTURE_AUTORELEASING = YES;
				CLANG_WARN_BOOL_CONVERSION = YES;
				CLANG_WARN_COMMA = YES;
				CLANG_WARN_CONSTANT_CONVERSION = YES;
				CLANG_WARN_DEPRECATED_OBJC_IMPLEMENTATIONS = YES;
				CLANG_WARN_DIRECT_OBJC_ISA_USAGE = YES_ERROR;
				CLANG_WARN_DOCUMENTATION_COMMENTS = YES;
				CLANG_WARN_EMPTY_BODY = YES;
				CLANG_WARN_ENUM_CONVERSION = YES;
				CLANG_WARN_INFINITE_RECURSION = YES;
				CLANG_WARN_INT_CONVERSION = YES;
				CLANG_WARN_NON_LITERAL_NULL_CONVERSION = YES;
				CLANG_WARN_OBJC_IMPLICIT_RETAIN_SELF = YES;
				CLANG_WARN_OBJC_LITERAL_CONVERSION = YES;
				CLANG_WARN_OBJC_ROOT_CLASS = YES_ERROR;
				CLANG_WARN_RANGE_LOOP_ANALYSIS = YES;
				CLANG_WARN_STRICT_PROTOTYPES = YES;
				CLANG_WARN_SUSPICIOUS_MOVE = YES;
				CLANG_WARN_UNGUARDED_AVAILABILITY = YES_AGGRESSIVE;
				CLANG_WARN_UNREACHABLE_CODE = YES;
				CLANG_WARN__DUPLICATE_METHOD_MATCH = YES;
				CODE_SIGN_IDENTITY = "iPhone Developer";
				COPY_PHASE_STRIP = NO;
				DEBUG_INFORMATION_FORMAT = dwarf;
				ENABLE_STRICT_OBJC_MSGSEND = YES;
				ENABLE_TESTABILITY = YES;
				GCC_C_LANGUAGE_STANDARD = gnu11;
				GCC_DYNAMIC_NO_PIC = NO;
				GCC_NO_COMMON_BLOCKS = YES;
				GCC_OPTIMIZATION_LEVEL = 0;
				GCC_PREPROCESSOR_DEFINITIONS = (
					"DEBUG=1",
					"$(inherited)",
				);
				GCC_WARN_64_TO_32_BIT_CONVERSION = YES;
				GCC_WARN_ABOUT_RETURN_TYPE = YES_ERROR;
				GCC_WARN_UNDECLARED_SELECTOR = YES;
				GCC_WARN_UNINITIALIZED_AUTOS = YES_AGGRESSIVE;
				GCC_WARN_UNUSED_FUNCTION = YES;
				GCC_WARN_UNUSED_VARIABLE = YES;
				IPHONEOS_DEPLOYMENT_TARGET = 12.0;
				MTL_ENABLE_DEBUG_INFO = INCLUDE_SOURCE;
				MTL_FAST_MATH = YES;
				ONLY_ACTIVE_ARCH = YES;
				SDKROOT = iphoneos;
				SWIFT_ACTIVE_COMPILATION_CONDITIONS = DEBUG;
				SWIFT_OPTIMIZATION_LEVEL = "-Onone";
			};
			name = Debug;
		};
		DB456038216BDB32007543C0 /* Release */ = {
			isa = XCBuildConfiguration;
			buildSettings = {
				ALWAYS_SEARCH_USER_PATHS = NO;
				CLANG_ANALYZER_NONNULL = YES;
				CLANG_ANALYZER_NUMBER_OBJECT_CONVERSION = YES_AGGRESSIVE;
				CLANG_CXX_LANGUAGE_STANDARD = "gnu++14";
				CLANG_CXX_LIBRARY = "libc++";
				CLANG_ENABLE_MODULES = YES;
				CLANG_ENABLE_OBJC_ARC = YES;
				CLANG_ENABLE_OBJC_WEAK = YES;
				CLANG_WARN_BLOCK_CAPTURE_AUTORELEASING = YES;
				CLANG_WARN_BOOL_CONVERSION = YES;
				CLANG_WARN_COMMA = YES;
				CLANG_WARN_CONSTANT_CONVERSION = YES;
				CLANG_WARN_DEPRECATED_OBJC_IMPLEMENTATIONS = YES;
				CLANG_WARN_DIRECT_OBJC_ISA_USAGE = YES_ERROR;
				CLANG_WARN_DOCUMENTATION_COMMENTS = YES;
				CLANG_WARN_EMPTY_BODY = YES;
				CLANG_WARN_ENUM_CONVERSION = YES;
				CLANG_WARN_INFINITE_RECURSION = YES;
				CLANG_WARN_INT_CONVERSION = YES;
				CLANG_WARN_NON_LITERAL_NULL_CONVERSION = YES;
				CLANG_WARN_OBJC_IMPLICIT_RETAIN_SELF = YES;
				CLANG_WARN_OBJC_LITERAL_CONVERSION = YES;
				CLANG_WARN_OBJC_ROOT_CLASS = YES_ERROR;
				CLANG_WARN_RANGE_LOOP_ANALYSIS = YES;
				CLANG_WARN_STRICT_PROTOTYPES = YES;
				CLANG_WARN_SUSPICIOUS_MOVE = YES;
				CLANG_WARN_UNGUARDED_AVAILABILITY = YES_AGGRESSIVE;
				CLANG_WARN_UNREACHABLE_CODE = YES;
				CLANG_WARN__DUPLICATE_METHOD_MATCH = YES;
				CODE_SIGN_IDENTITY = "iPhone Developer";
				COPY_PHASE_STRIP = NO;
				DEBUG_INFORMATION_FORMAT = "dwarf-with-dsym";
				ENABLE_NS_ASSERTIONS = NO;
				ENABLE_STRICT_OBJC_MSGSEND = YES;
				GCC_C_LANGUAGE_STANDARD = gnu11;
				GCC_NO_COMMON_BLOCKS = YES;
				GCC_WARN_64_TO_32_BIT_CONVERSION = YES;
				GCC_WARN_ABOUT_RETURN_TYPE = YES_ERROR;
				GCC_WARN_UNDECLARED_SELECTOR = YES;
				GCC_WARN_UNINITIALIZED_AUTOS = YES_AGGRESSIVE;
				GCC_WARN_UNUSED_FUNCTION = YES;
				GCC_WARN_UNUSED_VARIABLE = YES;
				IPHONEOS_DEPLOYMENT_TARGET = 12.0;
				MTL_ENABLE_DEBUG_INFO = NO;
				MTL_FAST_MATH = YES;
				SDKROOT = iphoneos;
				SWIFT_COMPILATION_MODE = wholemodule;
				SWIFT_OPTIMIZATION_LEVEL = "-O";
				VALIDATE_PRODUCT = YES;
			};
			name = Release;
		};
		DB45603A216BDB32007543C0 /* Debug */ = {
			isa = XCBuildConfiguration;
			buildSettings = {
				ASSETCATALOG_COMPILER_APPICON_NAME = AppIcon;
				CODE_SIGN_STYLE = Automatic;
				DEVELOPMENT_TEAM = 32BS4266DT;
				INFOPLIST_FILE = "$(SRCROOT)/NetworkManager/Supporting FIles/Info.plist";
				LD_RUNPATH_SEARCH_PATHS = (
					"$(inherited)",
					"@executable_path/Frameworks",
				);
				PRODUCT_BUNDLE_IDENTIFIER = com.bibinjacobpulickal.NetworkManager;
				PRODUCT_NAME = "$(TARGET_NAME)";
				SWIFT_VERSION = 5.0;
				TARGETED_DEVICE_FAMILY = "1,2";
			};
			name = Debug;
		};
		DB45603B216BDB32007543C0 /* Release */ = {
			isa = XCBuildConfiguration;
			buildSettings = {
				ASSETCATALOG_COMPILER_APPICON_NAME = AppIcon;
				CODE_SIGN_STYLE = Automatic;
				DEVELOPMENT_TEAM = 32BS4266DT;
				INFOPLIST_FILE = "$(SRCROOT)/NetworkManager/Supporting FIles/Info.plist";
				LD_RUNPATH_SEARCH_PATHS = (
					"$(inherited)",
					"@executable_path/Frameworks",
				);
				PRODUCT_BUNDLE_IDENTIFIER = com.bibinjacobpulickal.NetworkManager;
				PRODUCT_NAME = "$(TARGET_NAME)";
				SWIFT_VERSION = 5.0;
				TARGETED_DEVICE_FAMILY = "1,2";
			};
			name = Release;
		};
/* End XCBuildConfiguration section */

/* Begin XCConfigurationList section */
		DB45601F216BDB2E007543C0 /* Build configuration list for PBXProject "NetworkManager" */ = {
			isa = XCConfigurationList;
			buildConfigurations = (
				DB456037216BDB32007543C0 /* Debug */,
				DB456038216BDB32007543C0 /* Release */,
			);
			defaultConfigurationIsVisible = 0;
			defaultConfigurationName = Release;
		};
		DB456039216BDB32007543C0 /* Build configuration list for PBXNativeTarget "NetworkManager" */ = {
			isa = XCConfigurationList;
			buildConfigurations = (
				DB45603A216BDB32007543C0 /* Debug */,
				DB45603B216BDB32007543C0 /* Release */,
			);
			defaultConfigurationIsVisible = 0;
			defaultConfigurationName = Release;
		};
/* End XCConfigurationList section */
	};
	rootObject = DB45601C216BDB2E007543C0 /* Project object */;
}
